// !$*UTF8*$!
{
	archiveVersion = 1;
	classes = {
	};
	objectVersion = 46;
	objects = {

/* Begin PBXBuildFile section */
		F13281761BA7BBB50064D00D /* main.m in Sources */ = {isa = PBXBuildFile; fileRef = F13281751BA7BBB50064D00D /* main.m */; };
		F13281791BA7BBB50064D00D /* AppDelegate.m in Sources */ = {isa = PBXBuildFile; fileRef = F13281781BA7BBB50064D00D /* AppDelegate.m */; };
		F132817C1BA7BBB50064D00D /* ViewController.m in Sources */ = {isa = PBXBuildFile; fileRef = F132817B1BA7BBB50064D00D /* ViewController.m */; };
		F132817F1BA7BBB50064D00D /* Main.storyboard in Resources */ = {isa = PBXBuildFile; fileRef = F132817D1BA7BBB50064D00D /* Main.storyboard */; };
		F13281811BA7BBB50064D00D /* Images.xcassets in Resources */ = {isa = PBXBuildFile; fileRef = F13281801BA7BBB50064D00D /* Images.xcassets */; };
		F13281841BA7BBB50064D00D /* LaunchScreen.xib in Resources */ = {isa = PBXBuildFile; fileRef = F13281821BA7BBB50064D00D /* LaunchScreen.xib */; };
		F13281901BA7BBB50064D00D /* IOS_LocalizationTests.m in Sources */ = {isa = PBXBuildFile; fileRef = F132818F1BA7BBB50064D00D /* IOS_LocalizationTests.m */; };
/* End PBXBuildFile section */

/* Begin PBXContainerItemProxy section */
		F132818A1BA7BBB50064D00D /* PBXContainerItemProxy */ = {
			isa = PBXContainerItemProxy;
			containerPortal = F13281681BA7BBB50064D00D /* Project object */;
			proxyType = 1;
			remoteGlobalIDString = F132816F1BA7BBB50064D00D;
			remoteInfo = IOS_Localization;
		};
/* End PBXContainerItemProxy section */

/* Begin PBXFileReference section */
		F13281701BA7BBB50064D00D /* IOS_Localization.app */ = {isa = PBXFileReference; explicitFileType = wrapper.application; includeInIndex = 0; path = IOS_Localization.app; sourceTree = BUILT_PRODUCTS_DIR; };
		F13281741BA7BBB50064D00D /* Info.plist */ = {isa = PBXFileReference; lastKnownFileType = text.plist.xml; path = Info.plist; sourceTree = "<group>"; };
		F13281751BA7BBB50064D00D /* main.m */ = {isa = PBXFileReference; lastKnownFileType = sourcecode.c.objc; path = main.m; sourceTree = "<group>"; };
		F13281771BA7BBB50064D00D /* AppDelegate.h */ = {isa = PBXFileReference; lastKnownFileType = sourcecode.c.h; path = AppDelegate.h; sourceTree = "<group>"; };
		F13281781BA7BBB50064D00D /* AppDelegate.m */ = {isa = PBXFileReference; lastKnownFileType = sourcecode.c.objc; path = AppDelegate.m; sourceTree = "<group>"; };
		F132817A1BA7BBB50064D00D /* ViewController.h */ = {isa = PBXFileReference; lastKnownFileType = sourcecode.c.h; path = ViewController.h; sourceTree = "<group>"; };
		F132817B1BA7BBB50064D00D /* ViewController.m */ = {isa = PBXFileReference; lastKnownFileType = sourcecode.c.objc; path = ViewController.m; sourceTree = "<group>"; };
		F132817E1BA7BBB50064D00D /* Base */ = {isa = PBXFileReference; lastKnownFileType = file.storyboard; name = Base; path = Base.lproj/Main.storyboard; sourceTree = "<group>"; };
		F13281801BA7BBB50064D00D /* Images.xcassets */ = {isa = PBXFileReference; lastKnownFileType = folder.assetcatalog; path = Images.xcassets; sourceTree = "<group>"; };
		F13281831BA7BBB50064D00D /* Base */ = {isa = PBXFileReference; lastKnownFileType = file.xib; name = Base; path = Base.lproj/LaunchScreen.xib; sourceTree = "<group>"; };
		F13281891BA7BBB50064D00D /* IOS_LocalizationTests.xctest */ = {isa = PBXFileReference; explicitFileType = wrapper.cfbundle; includeInIndex = 0; path = IOS_LocalizationTests.xctest; sourceTree = BUILT_PRODUCTS_DIR; };
		F132818E1BA7BBB50064D00D /* Info.plist */ = {isa = PBXFileReference; lastKnownFileType = text.plist.xml; path = Info.plist; sourceTree = "<group>"; };
		F132818F1BA7BBB50064D00D /* IOS_LocalizationTests.m */ = {isa = PBXFileReference; lastKnownFileType = sourcecode.c.objc; path = IOS_LocalizationTests.m; sourceTree = "<group>"; };
/* End PBXFileReference section */

/* Begin PBXFrameworksBuildPhase section */
		F132816D1BA7BBB50064D00D /* Frameworks */ = {
			isa = PBXFrameworksBuildPhase;
			buildActionMask = 2147483647;
			files = (
			);
			runOnlyForDeploymentPostprocessing = 0;
		};
		F13281861BA7BBB50064D00D /* Frameworks */ = {
			isa = PBXFrameworksBuildPhase;
			buildActionMask = 2147483647;
			files = (
			);
			runOnlyForDeploymentPostprocessing = 0;
		};
/* End PBXFrameworksBuildPhase section */

/* Begin PBXGroup section */
		F13281671BA7BBB50064D00D = {
			isa = PBXGroup;
			children = (
				F13281721BA7BBB50064D00D /* IOS_Localization */,
				F132818C1BA7BBB50064D00D /* IOS_LocalizationTests */,
				F13281711BA7BBB50064D00D /* Products */,
			);
			sourceTree = "<group>";
		};
		F13281711BA7BBB50064D00D /* Products */ = {
			isa = PBXGroup;
			children = (
				F13281701BA7BBB50064D00D /* IOS_Localization.app */,
				F13281891BA7BBB50064D00D /* IOS_LocalizationTests.xctest */,
			);
			name = Products;
			sourceTree = "<group>";
		};
		F13281721BA7BBB50064D00D /* IOS_Localization */ = {
			isa = PBXGroup;
			children = (
				F13281771BA7BBB50064D00D /* AppDelegate.h */,
				F13281781BA7BBB50064D00D /* AppDelegate.m */,
				F132817A1BA7BBB50064D00D /* ViewController.h */,
				F132817B1BA7BBB50064D00D /* ViewController.m */,
				F132817D1BA7BBB50064D00D /* Main.storyboard */,
				F13281801BA7BBB50064D00D /* Images.xcassets */,
				F13281821BA7BBB50064D00D /* LaunchScreen.xib */,
				F13281731BA7BBB50064D00D /* Supporting Files */,
			);
			path = IOS_Localization;
			sourceTree = "<group>";
		};
		F13281731BA7BBB50064D00D /* Supporting Files */ = {
			isa = PBXGroup;
			children = (
				F13281741BA7BBB50064D00D /* Info.plist */,
				F13281751BA7BBB50064D00D /* main.m */,
			);
			name = "Supporting Files";
			sourceTree = "<group>";
		};
		F132818C1BA7BBB50064D00D /* IOS_LocalizationTests */ = {
			isa = PBXGroup;
			children = (
				F132818F1BA7BBB50064D00D /* IOS_LocalizationTests.m */,
				F132818D1BA7BBB50064D00D /* Supporting Files */,
			);
			path = IOS_LocalizationTests;
			sourceTree = "<group>";
		};
		F132818D1BA7BBB50064D00D /* Supporting Files */ = {
			isa = PBXGroup;
			children = (
				F132818E1BA7BBB50064D00D /* Info.plist */,
			);
			name = "Supporting Files";
			sourceTree = "<group>";
		};
/* End PBXGroup section */

/* Begin PBXNativeTarget section */
		F132816F1BA7BBB50064D00D /* IOS_Localization */ = {
			isa = PBXNativeTarget;
			buildConfigurationList = F13281931BA7BBB50064D00D /* Build configuration list for PBXNativeTarget "IOS_Localization" */;
			buildPhases = (
				F132816C1BA7BBB50064D00D /* Sources */,
				F132816D1BA7BBB50064D00D /* Frameworks */,
				F132816E1BA7BBB50064D00D /* Resources */,
			);
			buildRules = (
			);
			dependencies = (
			);
			name = IOS_Localization;
			productName = IOS_Localization;
			productReference = F13281701BA7BBB50064D00D /* IOS_Localization.app */;
			productType = "com.apple.product-type.application";
		};
		F13281881BA7BBB50064D00D /* IOS_LocalizationTests */ = {
			isa = PBXNativeTarget;
			buildConfigurationList = F13281961BA7BBB50064D00D /* Build configuration list for PBXNativeTarget "IOS_LocalizationTests" */;
			buildPhases = (
				F13281851BA7BBB50064D00D /* Sources */,
				F13281861BA7BBB50064D00D /* Frameworks */,
				F13281871BA7BBB50064D00D /* Resources */,
			);
			buildRules = (
			);
			dependencies = (
				F132818B1BA7BBB50064D00D /* PBXTargetDependency */,
			);
			name = IOS_LocalizationTests;
			productName = IOS_LocalizationTests;
			productReference = F13281891BA7BBB50064D00D /* IOS_LocalizationTests.xctest */;
			productType = "com.apple.product-type.bundle.unit-test";
		};
/* End PBXNativeTarget section */

/* Begin PBXProject section */
		F13281681BA7BBB50064D00D /* Project object */ = {
			isa = PBXProject;
			attributes = {
				LastUpgradeCheck = 0640;
				ORGANIZATIONNAME = LYD;
				TargetAttributes = {
					F132816F1BA7BBB50064D00D = {
						CreatedOnToolsVersion = 6.4;
					};
					F13281881BA7BBB50064D00D = {
						CreatedOnToolsVersion = 6.4;
						TestTargetID = F132816F1BA7BBB50064D00D;
					};
				};
			};
			buildConfigurationList = F132816B1BA7BBB50064D00D /* Build configuration list for PBXProject "IOS_Localization" */;
			compatibilityVersion = "Xcode 3.2";
			developmentRegion = English;
			hasScannedForEncodings = 0;
			knownRegions = (
				en,
				Base,
			);
			mainGroup = F13281671BA7BBB50064D00D;
			productRefGroup = F13281711BA7BBB50064D00D /* Products */;
			projectDirPath = "";
			projectRoot = "";
			targets = (
				F132816F1BA7BBB50064D00D /* IOS_Localization */,
				F13281881BA7BBB50064D00D /* IOS_LocalizationTests */,
			);
		};
/* End PBXProject section */

/* Begin PBXResourcesBuildPhase section */
		F132816E1BA7BBB50064D00D /* Resources */ = {
			isa = PBXResourcesBuildPhase;
			buildActionMask = 2147483647;
			files = (
				F132817F1BA7BBB50064D00D /* Main.storyboard in Resources */,
				F13281841BA7BBB50064D00D /* LaunchScreen.xib in Resources */,
				F13281811BA7BBB50064D00D /* Images.xcassets in Resources */,
			);
			runOnlyForDeploymentPostprocessing = 0;
		};
		F13281871BA7BBB50064D00D /* Resources */ = {
			isa = PBXResourcesBuildPhase;
			buildActionMask = 2147483647;
			files = (
			);
			runOnlyForDeploymentPostprocessing = 0;
		};
/* End PBXResourcesBuildPhase section */

/* Begin PBXSourcesBuildPhase section */
		F132816C1BA7BBB50064D00D /* Sources */ = {
			isa = PBXSourcesBuildPhase;
			buildActionMask = 2147483647;
			files = (
				F132817C1BA7BBB50064D00D /* ViewController.m in Sources */,
				F13281791BA7BBB50064D00D /* AppDelegate.m in Sources */,
				F13281761BA7BBB50064D00D /* main.m in Sources */,
			);
			runOnlyForDeploymentPostprocessing = 0;
		};
		F13281851BA7BBB50064D00D /* Sources */ = {
			isa = PBXSourcesBuildPhase;
			buildActionMask = 2147483647;
			files = (
				F13281901BA7BBB50064D00D /* IOS_LocalizationTests.m in Sources */,
			);
			runOnlyForDeploymentPostprocessing = 0;
		};
/* End PBXSourcesBuildPhase section */

/* Begin PBXTargetDependency section */
		F132818B1BA7BBB50064D00D /* PBXTargetDependency */ = {
			isa = PBXTargetDependency;
			target = F132816F1BA7BBB50064D00D /* IOS_Localization */;
			targetProxy = F132818A1BA7BBB50064D00D /* PBXContainerItemProxy */;
		};
/* End PBXTargetDependency section */

/* Begin PBXVariantGroup section */
		F132817D1BA7BBB50064D00D /* Main.storyboard */ = {
			isa = PBXVariantGroup;
			children = (
				F132817E1BA7BBB50064D00D /* Base */,
			);
			name = Main.storyboard;
			sourceTree = "<group>";
		};
		F13281821BA7BBB50064D00D /* LaunchScreen.xib */ = {
			isa = PBXVariantGroup;
			children = (
				F13281831BA7BBB50064D00D /* Base */,
			);
			name = LaunchScreen.xib;
			sourceTree = "<group>";
		};
/* End PBXVariantGroup section */

/* Begin XCBuildConfiguration section */
		F13281911BA7BBB50064D00D /* Debug */ = {
			isa = XCBuildConfiguration;
			buildSettings = {
				ALWAYS_SEARCH_USER_PATHS = NO;
				CLANG_CXX_LANGUAGE_STANDARD = "gnu++0x";
				CLANG_CXX_LIBRARY = "libc++";
				CLANG_ENABLE_MODULES = YES;
				CLANG_ENABLE_OBJC_ARC = YES;
				CLANG_WARN_BOOL_CONVERSION = YES;
				CLANG_WARN_CONSTANT_CONVERSION = YES;
				CLANG_WARN_DIRECT_OBJC_ISA_USAGE = YES_ERROR;
				CLANG_WARN_EMPTY_BODY = YES;
				CLANG_WARN_ENUM_CONVERSION = YES;
				CLANG_WARN_INT_CONVERSION = YES;
				CLANG_WARN_OBJC_ROOT_CLASS = YES_ERROR;
				CLANG_WARN_UNREACHABLE_CODE = YES;
				CLANG_WARN__DUPLICATE_METHOD_MATCH = YES;
				"CODE_SIGN_IDENTITY[sdk=iphoneos*]" = "iPhone Developer";
				COPY_PHASE_STRIP = NO;
				DEBUG_INFORMATION_FORMAT = "dwarf-with-dsym";
				ENABLE_STRICT_OBJC_MSGSEND = YES;
				GCC_C_LANGUAGE_STANDARD = gnu99;
				GCC_DYNAMIC_NO_PIC = NO;
				GCC_NO_COMMON_BLOCKS = YES;
				GCC_OPTIMIZATION_LEVEL = 0;
				GCC_PREPROCESSOR_DEFINITIONS = (
					"DEBUG=1",
					"$(inherited)",
				);
				GCC_SYMBOLS_PRIVATE_EXTERN = NO;
				GCC_WARN_64_TO_32_BIT_CONVERSION = YES;
				GCC_WARN_ABOUT_RETURN_TYPE = YES_ERROR;
				GCC_WARN_UNDECLARED_SELECTOR = YES;
				GCC_WARN_UNINITIALIZED_AUTOS = YES_AGGRESSIVE;
				GCC_WARN_UNUSED_FUNCTION = YES;
				GCC_WARN_UNUSED_VARIABLE = YES;
				IPHONEOS_DEPLOYMENT_TARGET = 8.4;
				MTL_ENABLE_DEBUG_INFO = YES;
				ONLY_ACTIVE_ARCH = YES;
				SDKROOT = iphoneos;
				TARGETED_DEVICE_FAMILY = "1,2";
			};
			name = Debug;
		};
		F13281921BA7BBB50064D00D /* Release */ = {
			isa = XCBuildConfiguration;
			buildSettings = {
				ALWAYS_SEARCH_USER_PATHS = NO;
				CLANG_CXX_LANGUAGE_STANDARD = "gnu++0x";
				CLANG_CXX_LIBRARY = "libc++";
				CLANG_ENABLE_MODULES = YES;
				CLANG_ENABLE_OBJC_ARC = YES;
				CLANG_WARN_BOOL_CONVERSION = YES;
				CLANG_WARN_CONSTANT_CONVERSION = YES;
				CLANG_WARN_DIRECT_OBJC_ISA_USAGE = YES_ERROR;
				CLANG_WARN_EMPTY_BODY = YES;
				CLANG_WARN_ENUM_CONVERSION = YES;
				CLANG_WARN_INT_CONVERSION = YES;
				CLANG_WARN_OBJC_ROOT_CLASS = YES_ERROR;
				CLANG_WARN_UNREACHABLE_CODE = YES;
				CLANG_WARN__DUPLICATE_METHOD_MATCH = YES;
				"CODE_SIGN_IDENTITY[sdk=iphoneos*]" = "iPhone Developer";
				COPY_PHASE_STRIP = NO;
				DEBUG_INFORMATION_FORMAT = "dwarf-with-dsym";
				ENABLE_NS_ASSERTIONS = NO;
				ENABLE_STRICT_OBJC_MSGSEND = YES;
				GCC_C_LANGUAGE_STANDARD = gnu99;
				GCC_NO_COMMON_BLOCKS = YES;
				GCC_WARN_64_TO_32_BIT_CONVERSION = YES;
				GCC_WARN_ABOUT_RETURN_TYPE = YES_ERROR;
				GCC_WARN_UNDECLARED_SELECTOR = YES;
				GCC_WARN_UNINITIALIZED_AUTOS = YES_AGGRESSIVE;
				GCC_WARN_UNUSED_FUNCTION = YES;
				GCC_WARN_UNUSED_VARIABLE = YES;
				IPHONEOS_DEPLOYMENT_TARGET = 8.4;
				MTL_ENABLE_DEBUG_INFO = NO;
				SDKROOT = iphoneos;
				TARGETED_DEVICE_FAMILY = "1,2";
				VALIDATE_PRODUCT = YES;
			};
			name = Release;
		};
		F13281941BA7BBB50064D00D /* Debug */ = {
			isa = XCBuildConfiguration;
			buildSettings = {
				ASSETCATALOG_COMPILER_APPICON_NAME = AppIcon;
				INFOPLIST_FILE = IOS_Localization/Info.plist;
				LD_RUNPATH_SEARCH_PATHS = "$(inherited) @executable_path/Frameworks";
				PRODUCT_NAME = "$(TARGET_NAME)";
			};
			name = Debug;
		};
		F13281951BA7BBB50064D00D /* Release */ = {
			isa = XCBuildConfiguration;
			buildSettings = {
				ASSETCATALOG_COMPILER_APPICON_NAME = AppIcon;
				INFOPLIST_FILE = IOS_Localization/Info.plist;
				LD_RUNPATH_SEARCH_PATHS = "$(inherited) @executable_path/Frameworks";
				PRODUCT_NAME = "$(TARGET_NAME)";
			};
			name = Release;
		};
		F13281971BA7BBB50064D00D /* Debug */ = {
			isa = XCBuildConfiguration;
			buildSettings = {
				BUNDLE_LOADER = "$(TEST_HOST)";
				FRAMEWORK_SEARCH_PATHS = (
					"$(SDKROOT)/Developer/Library/Frameworks",
					"$(inherited)",
				);
				GCC_PREPROCESSOR_DEFINITIONS = (
					"DEBUG=1",
					"$(inherited)",
				);
				INFOPLIST_FILE = IOS_LocalizationTests/Info.plist;
				LD_RUNPATH_SEARCH_PATHS = "$(inherited) @executable_path/Frameworks @loader_path/Frameworks";
				PRODUCT_NAME = "$(TARGET_NAME)";
				TEST_HOST = "$(BUILT_PRODUCTS_DIR)/IOS_Localization.app/IOS_Localization";
			};
			name = Debug;
		};
		F13281981BA7BBB50064D00D /* Release */ = {
			isa = XCBuildConfiguration;
			buildSettings = {
				BUNDLE_LOADER = "$(TEST_HOST)";
				FRAMEWORK_SEARCH_PATHS = (
					"$(SDKROOT)/Developer/Library/Frameworks",
					"$(inherited)",
				);
				INFOPLIST_FILE = IOS_LocalizationTests/Info.plist;
				LD_RUNPATH_SEARCH_PATHS = "$(inherited) @executable_path/Frameworks @loader_path/Frameworks";
				PRODUCT_NAME = "$(TARGET_NAME)";
				TEST_HOST = "$(BUILT_PRODUCTS_DIR)/IOS_Localization.app/IOS_Localization";
			};
			name = Release;
		};
/* End XCBuildConfiguration section */

/* Begin XCConfigurationList section */
		F132816B1BA7BBB50064D00D /* Build configuration list for PBXProject "IOS_Localization" */ = {
			isa = XCConfigurationList;
			buildConfigurations = (
				F13281911BA7BBB50064D00D /* Debug */,
				F13281921BA7BBB50064D00D /* Release */,
			);
			defaultConfigurationIsVisible = 0;
			defaultConfigurationName = Release;
		};
		F13281931BA7BBB50064D00D /* Build configuration list for PBXNativeTarget "IOS_Localization" */ = {
			isa = XCConfigurationList;
			buildConfigurations = (
				F13281941BA7BBB50064D00D /* Debug */,
				F13281951BA7BBB50064D00D /* Release */,
			);
			defaultConfigurationIsVisible = 0;
		};
		F13281961BA7BBB50064D00D /* Build configuration list for PBXNativeTarget "IOS_LocalizationTests" */ = {
			isa = XCConfigurationList;
			buildConfigurations = (
				F13281971BA7BBB50064D00D /* Debug */,
				F13281981BA7BBB50064D00D /* Release */,
			);
			defaultConfigurationIsVisible = 0;
		};
/* End XCConfigurationList section */
	};
	rootObject = F13281681BA7BBB50064D00D /* Project object */;
}
